// !$*UTF8*$!
{
	archiveVersion = 1;
	classes = {
	};
	objectVersion = 56;
	objects = {

/* Begin PBXBuildFile section */
		4D0817C72A796681003724B5 /* Habit.swift in Sources */ = {isa = PBXBuildFile; fileRef = 4D0817C62A796681003724B5 /* Habit.swift */; };
		4D0817C92A7968F1003724B5 /* TrackerCategory.swift in Sources */ = {isa = PBXBuildFile; fileRef = 4D0817C82A7968F1003724B5 /* TrackerCategory.swift */; };
		4D0817CB2A796D56003724B5 /* Schedule.swift in Sources */ = {isa = PBXBuildFile; fileRef = 4D0817CA2A796D56003724B5 /* Schedule.swift */; };
		4D0817CE2A796E9D003724B5 /* Date.swift in Sources */ = {isa = PBXBuildFile; fileRef = 4D0817CD2A796E9D003724B5 /* Date.swift */; };
		4D0817D02A7977BE003724B5 /* Tracker.swift in Sources */ = {isa = PBXBuildFile; fileRef = 4D0817CF2A7977BE003724B5 /* Tracker.swift */; };
		4D1A3D2D2A7B87EB003026E6 /* SupplementaryView.swift in Sources */ = {isa = PBXBuildFile; fileRef = 4D1A3D2C2A7B87EB003026E6 /* SupplementaryView.swift */; };
		4D1A3D2F2A7B8D53003026E6 /* Array.swift in Sources */ = {isa = PBXBuildFile; fileRef = 4D1A3D2E2A7B8D53003026E6 /* Array.swift */; };
		4D1A3D352A7EBAB9003026E6 /* TrackerService.swift in Sources */ = {isa = PBXBuildFile; fileRef = 4D1A3D342A7EBAB9003026E6 /* TrackerService.swift */; };
		4D1A3D372A7FC604003026E6 /* TrackerRecordsService.swift in Sources */ = {isa = PBXBuildFile; fileRef = 4D1A3D362A7FC604003026E6 /* TrackerRecordsService.swift */; };
		4D1A3D3E2A814F69003026E6 /* TypeSelectionViewController.swift in Sources */ = {isa = PBXBuildFile; fileRef = 4D1A3D3D2A814F69003026E6 /* TypeSelectionViewController.swift */; };
		4D1A3D402A8167D6003026E6 /* CreateEventViewController.swift in Sources */ = {isa = PBXBuildFile; fileRef = 4D1A3D3F2A8167D6003026E6 /* CreateEventViewController.swift */; };
		4D1A9BFE2A726B4C007E527A /* AppDelegate.swift in Sources */ = {isa = PBXBuildFile; fileRef = 4D1A9BFD2A726B4C007E527A /* AppDelegate.swift */; };
		4D1A9C002A726B4C007E527A /* SceneDelegate.swift in Sources */ = {isa = PBXBuildFile; fileRef = 4D1A9BFF2A726B4C007E527A /* SceneDelegate.swift */; };
		4D1A9C022A726B4C007E527A /* TrackerCollectionView.swift in Sources */ = {isa = PBXBuildFile; fileRef = 4D1A9C012A726B4C007E527A /* TrackerCollectionView.swift */; };
		4D1A9C072A726B50007E527A /* Assets.xcassets in Resources */ = {isa = PBXBuildFile; fileRef = 4D1A9C062A726B50007E527A /* Assets.xcassets */; };
		4D1A9C0A2A726B50007E527A /* LaunchScreen.storyboard in Resources */ = {isa = PBXBuildFile; fileRef = 4D1A9C082A726B50007E527A /* LaunchScreen.storyboard */; };
		4D2706EB2A77AE0900F106CA /* TrackerCollectionViewCell.swift in Sources */ = {isa = PBXBuildFile; fileRef = 4D2706EA2A77AE0900F106CA /* TrackerCollectionViewCell.swift */; };
		4D6B34C42A8B85BB00C1902C /* Statistics.swift in Sources */ = {isa = PBXBuildFile; fileRef = 4D6B34C32A8B85BB00C1902C /* Statistics.swift */; };
		4DA3CC452A90A23700DB13C7 /* TrackerRecord.swift in Sources */ = {isa = PBXBuildFile; fileRef = 4DA3CC442A90A23700DB13C7 /* TrackerRecord.swift */; };
		4DA5C9722A82313B0046C149 /* ListCategoriesViewController.swift in Sources */ = {isa = PBXBuildFile; fileRef = 4DA5C9712A82313B0046C149 /* ListCategoriesViewController.swift */; };
		4DA5C9742A82A9CB0046C149 /* CreateCategoryViewController.swift in Sources */ = {isa = PBXBuildFile; fileRef = 4DA5C9732A82A9CB0046C149 /* CreateCategoryViewController.swift */; };
		4DA5C9762A8344750046C149 /* CategoryService.swift in Sources */ = {isa = PBXBuildFile; fileRef = 4DA5C9752A8344750046C149 /* CategoryService.swift */; };
		4DA5C97A2A838F6B0046C149 /* EmojiCollectionViewCell.swift in Sources */ = {isa = PBXBuildFile; fileRef = 4DA5C9792A838F6B0046C149 /* EmojiCollectionViewCell.swift */; };
		4DA5C97C2A83D2190046C149 /* CreateEventSupplementaryView.swift in Sources */ = {isa = PBXBuildFile; fileRef = 4DA5C97B2A83D2190046C149 /* CreateEventSupplementaryView.swift */; };
		4DA5C97E2A83EA8E0046C149 /* ColorCollectionViewCell.swift in Sources */ = {isa = PBXBuildFile; fileRef = 4DA5C97D2A83EA8E0046C149 /* ColorCollectionViewCell.swift */; };
		4DA5C9802A84CD650046C149 /* ScheduleViewController.swift in Sources */ = {isa = PBXBuildFile; fileRef = 4DA5C97F2A84CD650046C149 /* ScheduleViewController.swift */; };
		4DDC8E0D2A96026900F85E5D /* TrackersByCategory.swift in Sources */ = {isa = PBXBuildFile; fileRef = 4DDC8E0C2A96026900F85E5D /* TrackersByCategory.swift */; };
		4DDC8E0F2A96039900F85E5D /* ListCategoriesDelegateProtocol.swift in Sources */ = {isa = PBXBuildFile; fileRef = 4DDC8E0E2A96039900F85E5D /* ListCategoriesDelegateProtocol.swift */; };
		4DDC8E112A960A4B00F85E5D /* ScheduleViewControllerDelegateProtocol.swift in Sources */ = {isa = PBXBuildFile; fileRef = 4DDC8E102A960A4B00F85E5D /* ScheduleViewControllerDelegateProtocol.swift */; };
		4DDC8E132A960F2E00F85E5D /* DailySchedule.swift in Sources */ = {isa = PBXBuildFile; fileRef = 4DDC8E122A960F2E00F85E5D /* DailySchedule.swift */; };
		4DDC8E1B2A97D27100F85E5D /* SelectableCell.swift in Sources */ = {isa = PBXBuildFile; fileRef = 4DDC8E1A2A97D27100F85E5D /* SelectableCell.swift */; };
		4DDC8E1D2A989C7400F85E5D /* Constants.swift in Sources */ = {isa = PBXBuildFile; fileRef = 4DDC8E1C2A989C7400F85E5D /* Constants.swift */; };
		4DDC8E212A98B15100F85E5D /* Model.xcdatamodeld in Sources */ = {isa = PBXBuildFile; fileRef = 4DDC8E1F2A98B15100F85E5D /* Model.xcdatamodeld */; };
		4DDC8E242A98C45B00F85E5D /* TrackerRecordStore.swift in Sources */ = {isa = PBXBuildFile; fileRef = 4DDC8E232A98C45B00F85E5D /* TrackerRecordStore.swift */; };
		4DDC8E262A98C6FB00F85E5D /* TrackerStore.swift in Sources */ = {isa = PBXBuildFile; fileRef = 4DDC8E252A98C6FB00F85E5D /* TrackerStore.swift */; };
		4DDC8E282A98C7CB00F85E5D /* UIColorMarshalling.swift in Sources */ = {isa = PBXBuildFile; fileRef = 4DDC8E272A98C7CB00F85E5D /* UIColorMarshalling.swift */; };
/* End PBXBuildFile section */

/* Begin PBXFileReference section */
		4D0817C62A796681003724B5 /* Habit.swift */ = {isa = PBXFileReference; lastKnownFileType = sourcecode.swift; path = Habit.swift; sourceTree = "<group>"; };
		4D0817C82A7968F1003724B5 /* TrackerCategory.swift */ = {isa = PBXFileReference; lastKnownFileType = sourcecode.swift; path = TrackerCategory.swift; sourceTree = "<group>"; };
		4D0817CA2A796D56003724B5 /* Schedule.swift */ = {isa = PBXFileReference; lastKnownFileType = sourcecode.swift; path = Schedule.swift; sourceTree = "<group>"; };
		4D0817CD2A796E9D003724B5 /* Date.swift */ = {isa = PBXFileReference; lastKnownFileType = sourcecode.swift; path = Date.swift; sourceTree = "<group>"; };
		4D0817CF2A7977BE003724B5 /* Tracker.swift */ = {isa = PBXFileReference; lastKnownFileType = sourcecode.swift; path = Tracker.swift; sourceTree = "<group>"; };
		4D1A3D2C2A7B87EB003026E6 /* SupplementaryView.swift */ = {isa = PBXFileReference; lastKnownFileType = sourcecode.swift; path = SupplementaryView.swift; sourceTree = "<group>"; };
		4D1A3D2E2A7B8D53003026E6 /* Array.swift */ = {isa = PBXFileReference; lastKnownFileType = sourcecode.swift; path = Array.swift; sourceTree = "<group>"; };
		4D1A3D342A7EBAB9003026E6 /* TrackerService.swift */ = {isa = PBXFileReference; lastKnownFileType = sourcecode.swift; path = TrackerService.swift; sourceTree = "<group>"; };
		4D1A3D362A7FC604003026E6 /* TrackerRecordsService.swift */ = {isa = PBXFileReference; lastKnownFileType = sourcecode.swift; path = TrackerRecordsService.swift; sourceTree = "<group>"; };
		4D1A3D3D2A814F69003026E6 /* TypeSelectionViewController.swift */ = {isa = PBXFileReference; lastKnownFileType = sourcecode.swift; path = TypeSelectionViewController.swift; sourceTree = "<group>"; };
		4D1A3D3F2A8167D6003026E6 /* CreateEventViewController.swift */ = {isa = PBXFileReference; lastKnownFileType = sourcecode.swift; path = CreateEventViewController.swift; sourceTree = "<group>"; };
		4D1A9BFA2A726B4C007E527A /* Tracker.app */ = {isa = PBXFileReference; explicitFileType = wrapper.application; includeInIndex = 0; path = Tracker.app; sourceTree = BUILT_PRODUCTS_DIR; };
		4D1A9BFD2A726B4C007E527A /* AppDelegate.swift */ = {isa = PBXFileReference; lastKnownFileType = sourcecode.swift; path = AppDelegate.swift; sourceTree = "<group>"; };
		4D1A9BFF2A726B4C007E527A /* SceneDelegate.swift */ = {isa = PBXFileReference; lastKnownFileType = sourcecode.swift; path = SceneDelegate.swift; sourceTree = "<group>"; };
		4D1A9C012A726B4C007E527A /* TrackerCollectionView.swift */ = {isa = PBXFileReference; lastKnownFileType = sourcecode.swift; path = TrackerCollectionView.swift; sourceTree = "<group>"; };
		4D1A9C062A726B50007E527A /* Assets.xcassets */ = {isa = PBXFileReference; lastKnownFileType = folder.assetcatalog; path = Assets.xcassets; sourceTree = "<group>"; };
		4D1A9C092A726B50007E527A /* Base */ = {isa = PBXFileReference; lastKnownFileType = file.storyboard; name = Base; path = Base.lproj/LaunchScreen.storyboard; sourceTree = "<group>"; };
		4D1A9C0B2A726B50007E527A /* Info.plist */ = {isa = PBXFileReference; lastKnownFileType = text.plist.xml; path = Info.plist; sourceTree = "<group>"; };
		4D2706EA2A77AE0900F106CA /* TrackerCollectionViewCell.swift */ = {isa = PBXFileReference; lastKnownFileType = sourcecode.swift; path = TrackerCollectionViewCell.swift; sourceTree = "<group>"; };
		4D6B34C32A8B85BB00C1902C /* Statistics.swift */ = {isa = PBXFileReference; lastKnownFileType = sourcecode.swift; path = Statistics.swift; sourceTree = "<group>"; };
		4DA3CC442A90A23700DB13C7 /* TrackerRecord.swift */ = {isa = PBXFileReference; lastKnownFileType = sourcecode.swift; path = TrackerRecord.swift; sourceTree = "<group>"; };
		4DA5C9712A82313B0046C149 /* ListCategoriesViewController.swift */ = {isa = PBXFileReference; lastKnownFileType = sourcecode.swift; path = ListCategoriesViewController.swift; sourceTree = "<group>"; };
		4DA5C9732A82A9CB0046C149 /* CreateCategoryViewController.swift */ = {isa = PBXFileReference; lastKnownFileType = sourcecode.swift; path = CreateCategoryViewController.swift; sourceTree = "<group>"; };
		4DA5C9752A8344750046C149 /* CategoryService.swift */ = {isa = PBXFileReference; lastKnownFileType = sourcecode.swift; path = CategoryService.swift; sourceTree = "<group>"; };
		4DA5C9792A838F6B0046C149 /* EmojiCollectionViewCell.swift */ = {isa = PBXFileReference; lastKnownFileType = sourcecode.swift; path = EmojiCollectionViewCell.swift; sourceTree = "<group>"; };
		4DA5C97B2A83D2190046C149 /* CreateEventSupplementaryView.swift */ = {isa = PBXFileReference; lastKnownFileType = sourcecode.swift; path = CreateEventSupplementaryView.swift; sourceTree = "<group>"; };
		4DA5C97D2A83EA8E0046C149 /* ColorCollectionViewCell.swift */ = {isa = PBXFileReference; lastKnownFileType = sourcecode.swift; path = ColorCollectionViewCell.swift; sourceTree = "<group>"; };
		4DA5C97F2A84CD650046C149 /* ScheduleViewController.swift */ = {isa = PBXFileReference; lastKnownFileType = sourcecode.swift; path = ScheduleViewController.swift; sourceTree = "<group>"; };
		4DDC8E0C2A96026900F85E5D /* TrackersByCategory.swift */ = {isa = PBXFileReference; lastKnownFileType = sourcecode.swift; path = TrackersByCategory.swift; sourceTree = "<group>"; };
		4DDC8E0E2A96039900F85E5D /* ListCategoriesDelegateProtocol.swift */ = {isa = PBXFileReference; lastKnownFileType = sourcecode.swift; path = ListCategoriesDelegateProtocol.swift; sourceTree = "<group>"; };
		4DDC8E102A960A4B00F85E5D /* ScheduleViewControllerDelegateProtocol.swift */ = {isa = PBXFileReference; lastKnownFileType = sourcecode.swift; path = ScheduleViewControllerDelegateProtocol.swift; sourceTree = "<group>"; };
		4DDC8E122A960F2E00F85E5D /* DailySchedule.swift */ = {isa = PBXFileReference; lastKnownFileType = sourcecode.swift; path = DailySchedule.swift; sourceTree = "<group>"; };
		4DDC8E1A2A97D27100F85E5D /* SelectableCell.swift */ = {isa = PBXFileReference; lastKnownFileType = sourcecode.swift; path = SelectableCell.swift; sourceTree = "<group>"; };
		4DDC8E1C2A989C7400F85E5D /* Constants.swift */ = {isa = PBXFileReference; lastKnownFileType = sourcecode.swift; path = Constants.swift; sourceTree = "<group>"; };
		4DDC8E202A98B15100F85E5D /* Model.xcdatamodel */ = {isa = PBXFileReference; lastKnownFileType = wrapper.xcdatamodel; path = Model.xcdatamodel; sourceTree = "<group>"; };
		4DDC8E232A98C45B00F85E5D /* TrackerRecordStore.swift */ = {isa = PBXFileReference; lastKnownFileType = sourcecode.swift; path = TrackerRecordStore.swift; sourceTree = "<group>"; };
		4DDC8E252A98C6FB00F85E5D /* TrackerStore.swift */ = {isa = PBXFileReference; lastKnownFileType = sourcecode.swift; path = TrackerStore.swift; sourceTree = "<group>"; };
		4DDC8E272A98C7CB00F85E5D /* UIColorMarshalling.swift */ = {isa = PBXFileReference; lastKnownFileType = sourcecode.swift; path = UIColorMarshalling.swift; sourceTree = "<group>"; };
/* End PBXFileReference section */

/* Begin PBXFrameworksBuildPhase section */
		4D1A9BF72A726B4C007E527A /* Frameworks */ = {
			isa = PBXFrameworksBuildPhase;
			buildActionMask = 2147483647;
			files = (
			);
			runOnlyForDeploymentPostprocessing = 0;
		};
/* End PBXFrameworksBuildPhase section */

/* Begin PBXGroup section */
		4D0817C52A79666E003724B5 /* Models */ = {
			isa = PBXGroup;
			children = (
				4D0817C62A796681003724B5 /* Habit.swift */,
				4D0817C82A7968F1003724B5 /* TrackerCategory.swift */,
				4D0817CA2A796D56003724B5 /* Schedule.swift */,
				4D0817CF2A7977BE003724B5 /* Tracker.swift */,
				4DA3CC442A90A23700DB13C7 /* TrackerRecord.swift */,
				4DDC8E0C2A96026900F85E5D /* TrackersByCategory.swift */,
				4DDC8E122A960F2E00F85E5D /* DailySchedule.swift */,
			);
			path = Models;
			sourceTree = "<group>";
		};
		4D0817CC2A796E8D003724B5 /* Helpers */ = {
			isa = PBXGroup;
			children = (
				4D0817CD2A796E9D003724B5 /* Date.swift */,
				4D1A3D2E2A7B8D53003026E6 /* Array.swift */,
			);
			path = Helpers;
			sourceTree = "<group>";
		};
		4D0817D42A797AF0003724B5 /* Services */ = {
			isa = PBXGroup;
			children = (
				4D1A3D342A7EBAB9003026E6 /* TrackerService.swift */,
				4D1A3D362A7FC604003026E6 /* TrackerRecordsService.swift */,
				4DA5C9752A8344750046C149 /* CategoryService.swift */,
				4DDC8E0E2A96039900F85E5D /* ListCategoriesDelegateProtocol.swift */,
				4DDC8E102A960A4B00F85E5D /* ScheduleViewControllerDelegateProtocol.swift */,
				4DDC8E1A2A97D27100F85E5D /* SelectableCell.swift */,
			);
			path = Services;
			sourceTree = "<group>";
		};
		4D1A3D3C2A814F04003026E6 /* CreateEventViewControllers */ = {
			isa = PBXGroup;
			children = (
				4D1A3D3F2A8167D6003026E6 /* CreateEventViewController.swift */,
				4DA5C9792A838F6B0046C149 /* EmojiCollectionViewCell.swift */,
				4DA5C97B2A83D2190046C149 /* CreateEventSupplementaryView.swift */,
				4DA5C97D2A83EA8E0046C149 /* ColorCollectionViewCell.swift */,
			);
			path = CreateEventViewControllers;
			sourceTree = "<group>";
		};
		4D1A9BF12A726B4C007E527A = {
			isa = PBXGroup;
			children = (
				4D1A9BFC2A726B4C007E527A /* Tracker */,
				4D1A9BFB2A726B4C007E527A /* Products */,
			);
			sourceTree = "<group>";
		};
		4D1A9BFB2A726B4C007E527A /* Products */ = {
			isa = PBXGroup;
			children = (
				4D1A9BFA2A726B4C007E527A /* Tracker.app */,
			);
			name = Products;
			sourceTree = "<group>";
		};
		4D1A9BFC2A726B4C007E527A /* Tracker */ = {
			isa = PBXGroup;
			children = (
				4DDC8E1E2A98B13E00F85E5D /* CoreData */,
				4DDC8E1C2A989C7400F85E5D /* Constants.swift */,
				4D6B34C22A8B85A700C1902C /* Statistics */,
				4D6B34BA2A85463200C1902C /* EventTypeSelectionViewControllers */,
				4D6B34B92A8545E900C1902C /* ScheduleViewControllers */,
				4D6B34B82A8545CE00C1902C /* CategoriesViewControllers */,
				4D1A3D3C2A814F04003026E6 /* CreateEventViewControllers */,
				4D0817D42A797AF0003724B5 /* Services */,
				4D0817CC2A796E8D003724B5 /* Helpers */,
				4D0817C52A79666E003724B5 /* Models */,
				4D2706E92A77AD1A00F106CA /* CollectionView */,
				4D1A9BFD2A726B4C007E527A /* AppDelegate.swift */,
				4D1A9BFF2A726B4C007E527A /* SceneDelegate.swift */,
				4D1A9C062A726B50007E527A /* Assets.xcassets */,
				4D1A9C082A726B50007E527A /* LaunchScreen.storyboard */,
				4D1A9C0B2A726B50007E527A /* Info.plist */,
			);
			path = Tracker;
			sourceTree = "<group>";
		};
		4D2706E92A77AD1A00F106CA /* CollectionView */ = {
			isa = PBXGroup;
			children = (
				4D1A9C012A726B4C007E527A /* TrackerCollectionView.swift */,
				4D2706EA2A77AE0900F106CA /* TrackerCollectionViewCell.swift */,
				4D1A3D2C2A7B87EB003026E6 /* SupplementaryView.swift */,
			);
			path = CollectionView;
			sourceTree = "<group>";
		};
		4D6B34B82A8545CE00C1902C /* CategoriesViewControllers */ = {
			isa = PBXGroup;
			children = (
				4DA5C9712A82313B0046C149 /* ListCategoriesViewController.swift */,
				4DA5C9732A82A9CB0046C149 /* CreateCategoryViewController.swift */,
			);
			path = CategoriesViewControllers;
			sourceTree = "<group>";
		};
		4D6B34B92A8545E900C1902C /* ScheduleViewControllers */ = {
			isa = PBXGroup;
			children = (
				4DA5C97F2A84CD650046C149 /* ScheduleViewController.swift */,
			);
			path = ScheduleViewControllers;
			sourceTree = "<group>";
		};
		4D6B34BA2A85463200C1902C /* EventTypeSelectionViewControllers */ = {
			isa = PBXGroup;
			children = (
				4D1A3D3D2A814F69003026E6 /* TypeSelectionViewController.swift */,
			);
			path = EventTypeSelectionViewControllers;
			sourceTree = "<group>";
		};
		4D6B34C22A8B85A700C1902C /* Statistics */ = {
			isa = PBXGroup;
			children = (
				4D6B34C32A8B85BB00C1902C /* Statistics.swift */,
			);
			path = Statistics;
			sourceTree = "<group>";
		};
		4DDC8E1E2A98B13E00F85E5D /* CoreData */ = {
			isa = PBXGroup;
			children = (
				4DDC8E222A98C44900F85E5D /* DataStore */,
				4DDC8E1F2A98B15100F85E5D /* Model.xcdatamodeld */,
			);
			path = CoreData;
			sourceTree = "<group>";
		};
		4DDC8E222A98C44900F85E5D /* DataStore */ = {
			isa = PBXGroup;
			children = (
				4DDC8E232A98C45B00F85E5D /* TrackerRecordStore.swift */,
				4DDC8E252A98C6FB00F85E5D /* TrackerStore.swift */,
				4DDC8E272A98C7CB00F85E5D /* UIColorMarshalling.swift */,
			);
			path = DataStore;
			sourceTree = "<group>";
		};
/* End PBXGroup section */

/* Begin PBXNativeTarget section */
		4D1A9BF92A726B4C007E527A /* Tracker */ = {
			isa = PBXNativeTarget;
			buildConfigurationList = 4D1A9C0E2A726B50007E527A /* Build configuration list for PBXNativeTarget "Tracker" */;
			buildPhases = (
				4D1A9BF62A726B4C007E527A /* Sources */,
				4D1A9BF72A726B4C007E527A /* Frameworks */,
				4D1A9BF82A726B4C007E527A /* Resources */,
			);
			buildRules = (
			);
			dependencies = (
			);
			name = Tracker;
			productName = Tracker;
			productReference = 4D1A9BFA2A726B4C007E527A /* Tracker.app */;
			productType = "com.apple.product-type.application";
		};
/* End PBXNativeTarget section */

/* Begin PBXProject section */
		4D1A9BF22A726B4C007E527A /* Project object */ = {
			isa = PBXProject;
			attributes = {
				BuildIndependentTargetsInParallel = 1;
				LastSwiftUpdateCheck = 1430;
				LastUpgradeCheck = 1430;
				TargetAttributes = {
					4D1A9BF92A726B4C007E527A = {
						CreatedOnToolsVersion = 14.3.1;
					};
				};
			};
			buildConfigurationList = 4D1A9BF52A726B4C007E527A /* Build configuration list for PBXProject "Tracker" */;
			compatibilityVersion = "Xcode 14.0";
			developmentRegion = en;
			hasScannedForEncodings = 0;
			knownRegions = (
				en,
				Base,
			);
			mainGroup = 4D1A9BF12A726B4C007E527A;
			productRefGroup = 4D1A9BFB2A726B4C007E527A /* Products */;
			projectDirPath = "";
			projectRoot = "";
			targets = (
				4D1A9BF92A726B4C007E527A /* Tracker */,
			);
		};
/* End PBXProject section */

/* Begin PBXResourcesBuildPhase section */
		4D1A9BF82A726B4C007E527A /* Resources */ = {
			isa = PBXResourcesBuildPhase;
			buildActionMask = 2147483647;
			files = (
				4D1A9C0A2A726B50007E527A /* LaunchScreen.storyboard in Resources */,
				4D1A9C072A726B50007E527A /* Assets.xcassets in Resources */,
			);
			runOnlyForDeploymentPostprocessing = 0;
		};
/* End PBXResourcesBuildPhase section */

/* Begin PBXSourcesBuildPhase section */
		4D1A9BF62A726B4C007E527A /* Sources */ = {
			isa = PBXSourcesBuildPhase;
			buildActionMask = 2147483647;
			files = (
				4DA5C97C2A83D2190046C149 /* CreateEventSupplementaryView.swift in Sources */,
				4D1A9C022A726B4C007E527A /* TrackerCollectionView.swift in Sources */,
				4D0817D02A7977BE003724B5 /* Tracker.swift in Sources */,
				4DA5C9802A84CD650046C149 /* ScheduleViewController.swift in Sources */,
				4D0817C72A796681003724B5 /* Habit.swift in Sources */,
				4D1A3D372A7FC604003026E6 /* TrackerRecordsService.swift in Sources */,
				4DDC8E0F2A96039900F85E5D /* ListCategoriesDelegateProtocol.swift in Sources */,
				4D2706EB2A77AE0900F106CA /* TrackerCollectionViewCell.swift in Sources */,
				4DDC8E1D2A989C7400F85E5D /* Constants.swift in Sources */,
				4DA5C97A2A838F6B0046C149 /* EmojiCollectionViewCell.swift in Sources */,
				4DA5C9742A82A9CB0046C149 /* CreateCategoryViewController.swift in Sources */,
				4D1A3D2D2A7B87EB003026E6 /* SupplementaryView.swift in Sources */,
				4DA5C9722A82313B0046C149 /* ListCategoriesViewController.swift in Sources */,
				4D0817CE2A796E9D003724B5 /* Date.swift in Sources */,
				4D1A3D3E2A814F69003026E6 /* TypeSelectionViewController.swift in Sources */,
				4DDC8E262A98C6FB00F85E5D /* TrackerStore.swift in Sources */,
				4D1A3D402A8167D6003026E6 /* CreateEventViewController.swift in Sources */,
				4D1A9BFE2A726B4C007E527A /* AppDelegate.swift in Sources */,
				4D1A9C002A726B4C007E527A /* SceneDelegate.swift in Sources */,
				4DDC8E282A98C7CB00F85E5D /* UIColorMarshalling.swift in Sources */,
				4DDC8E242A98C45B00F85E5D /* TrackerRecordStore.swift in Sources */,
				4D1A3D2F2A7B8D53003026E6 /* Array.swift in Sources */,
				4DDC8E0D2A96026900F85E5D /* TrackersByCategory.swift in Sources */,
				4DDC8E132A960F2E00F85E5D /* DailySchedule.swift in Sources */,
				4DDC8E112A960A4B00F85E5D /* ScheduleViewControllerDelegateProtocol.swift in Sources */,
				4D1A3D352A7EBAB9003026E6 /* TrackerService.swift in Sources */,
				4D0817CB2A796D56003724B5 /* Schedule.swift in Sources */,
				4DA3CC452A90A23700DB13C7 /* TrackerRecord.swift in Sources */,
				4D0817C92A7968F1003724B5 /* TrackerCategory.swift in Sources */,
				4DDC8E212A98B15100F85E5D /* Model.xcdatamodeld in Sources */,
				4DA5C9762A8344750046C149 /* CategoryService.swift in Sources */,
				4DDC8E1B2A97D27100F85E5D /* SelectableCell.swift in Sources */,
				4D6B34C42A8B85BB00C1902C /* Statistics.swift in Sources */,
				4DA5C97E2A83EA8E0046C149 /* ColorCollectionViewCell.swift in Sources */,
			);
			runOnlyForDeploymentPostprocessing = 0;
		};
/* End PBXSourcesBuildPhase section */

/* Begin PBXVariantGroup section */
		4D1A9C082A726B50007E527A /* LaunchScreen.storyboard */ = {
			isa = PBXVariantGroup;
			children = (
				4D1A9C092A726B50007E527A /* Base */,
			);
			name = LaunchScreen.storyboard;
			sourceTree = "<group>";
		};
/* End PBXVariantGroup section */

/* Begin XCBuildConfiguration section */
		4D1A9C0C2A726B50007E527A /* Debug */ = {
			isa = XCBuildConfiguration;
			buildSettings = {
				ALWAYS_SEARCH_USER_PATHS = NO;
				CLANG_ANALYZER_NONNULL = YES;
				CLANG_ANALYZER_NUMBER_OBJECT_CONVERSION = YES_AGGRESSIVE;
				CLANG_CXX_LANGUAGE_STANDARD = "gnu++20";
				CLANG_ENABLE_MODULES = YES;
				CLANG_ENABLE_OBJC_ARC = YES;
				CLANG_ENABLE_OBJC_WEAK = YES;
				CLANG_WARN_BLOCK_CAPTURE_AUTORELEASING = YES;
				CLANG_WARN_BOOL_CONVERSION = YES;
				CLANG_WARN_COMMA = YES;
				CLANG_WARN_CONSTANT_CONVERSION = YES;
				CLANG_WARN_DEPRECATED_OBJC_IMPLEMENTATIONS = YES;
				CLANG_WARN_DIRECT_OBJC_ISA_USAGE = YES_ERROR;
				CLANG_WARN_DOCUMENTATION_COMMENTS = YES;
				CLANG_WARN_EMPTY_BODY = YES;
				CLANG_WARN_ENUM_CONVERSION = YES;
				CLANG_WARN_INFINITE_RECURSION = YES;
				CLANG_WARN_INT_CONVERSION = YES;
				CLANG_WARN_NON_LITERAL_NULL_CONVERSION = YES;
				CLANG_WARN_OBJC_IMPLICIT_RETAIN_SELF = YES;
				CLANG_WARN_OBJC_LITERAL_CONVERSION = YES;
				CLANG_WARN_OBJC_ROOT_CLASS = YES_ERROR;
				CLANG_WARN_QUOTED_INCLUDE_IN_FRAMEWORK_HEADER = YES;
				CLANG_WARN_RANGE_LOOP_ANALYSIS = YES;
				CLANG_WARN_STRICT_PROTOTYPES = YES;
				CLANG_WARN_SUSPICIOUS_MOVE = YES;
				CLANG_WARN_UNGUARDED_AVAILABILITY = YES_AGGRESSIVE;
				CLANG_WARN_UNREACHABLE_CODE = YES;
				CLANG_WARN__DUPLICATE_METHOD_MATCH = YES;
				COPY_PHASE_STRIP = NO;
				DEBUG_INFORMATION_FORMAT = dwarf;
				ENABLE_STRICT_OBJC_MSGSEND = YES;
				ENABLE_TESTABILITY = YES;
				GCC_C_LANGUAGE_STANDARD = gnu11;
				GCC_DYNAMIC_NO_PIC = NO;
				GCC_NO_COMMON_BLOCKS = YES;
				GCC_OPTIMIZATION_LEVEL = 0;
				GCC_PREPROCESSOR_DEFINITIONS = (
					"DEBUG=1",
					"$(inherited)",
				);
				GCC_WARN_64_TO_32_BIT_CONVERSION = YES;
				GCC_WARN_ABOUT_RETURN_TYPE = YES_ERROR;
				GCC_WARN_UNDECLARED_SELECTOR = YES;
				GCC_WARN_UNINITIALIZED_AUTOS = YES_AGGRESSIVE;
				GCC_WARN_UNUSED_FUNCTION = YES;
				GCC_WARN_UNUSED_VARIABLE = YES;
				IPHONEOS_DEPLOYMENT_TARGET = 16.4;
				MTL_ENABLE_DEBUG_INFO = INCLUDE_SOURCE;
				MTL_FAST_MATH = YES;
				ONLY_ACTIVE_ARCH = YES;
				SDKROOT = iphoneos;
				SWIFT_ACTIVE_COMPILATION_CONDITIONS = DEBUG;
				SWIFT_OPTIMIZATION_LEVEL = "-Onone";
			};
			name = Debug;
		};
		4D1A9C0D2A726B50007E527A /* Release */ = {
			isa = XCBuildConfiguration;
			buildSettings = {
				ALWAYS_SEARCH_USER_PATHS = NO;
				CLANG_ANALYZER_NONNULL = YES;
				CLANG_ANALYZER_NUMBER_OBJECT_CONVERSION = YES_AGGRESSIVE;
				CLANG_CXX_LANGUAGE_STANDARD = "gnu++20";
				CLANG_ENABLE_MODULES = YES;
				CLANG_ENABLE_OBJC_ARC = YES;
				CLANG_ENABLE_OBJC_WEAK = YES;
				CLANG_WARN_BLOCK_CAPTURE_AUTORELEASING = YES;
				CLANG_WARN_BOOL_CONVERSION = YES;
				CLANG_WARN_COMMA = YES;
				CLANG_WARN_CONSTANT_CONVERSION = YES;
				CLANG_WARN_DEPRECATED_OBJC_IMPLEMENTATIONS = YES;
				CLANG_WARN_DIRECT_OBJC_ISA_USAGE = YES_ERROR;
				CLANG_WARN_DOCUMENTATION_COMMENTS = YES;
				CLANG_WARN_EMPTY_BODY = YES;
				CLANG_WARN_ENUM_CONVERSION = YES;
				CLANG_WARN_INFINITE_RECURSION = YES;
				CLANG_WARN_INT_CONVERSION = YES;
				CLANG_WARN_NON_LITERAL_NULL_CONVERSION = YES;
				CLANG_WARN_OBJC_IMPLICIT_RETAIN_SELF = YES;
				CLANG_WARN_OBJC_LITERAL_CONVERSION = YES;
				CLANG_WARN_OBJC_ROOT_CLASS = YES_ERROR;
				CLANG_WARN_QUOTED_INCLUDE_IN_FRAMEWORK_HEADER = YES;
				CLANG_WARN_RANGE_LOOP_ANALYSIS = YES;
				CLANG_WARN_STRICT_PROTOTYPES = YES;
				CLANG_WARN_SUSPICIOUS_MOVE = YES;
				CLANG_WARN_UNGUARDED_AVAILABILITY = YES_AGGRESSIVE;
				CLANG_WARN_UNREACHABLE_CODE = YES;
				CLANG_WARN__DUPLICATE_METHOD_MATCH = YES;
				COPY_PHASE_STRIP = NO;
				DEBUG_INFORMATION_FORMAT = "dwarf-with-dsym";
				ENABLE_NS_ASSERTIONS = NO;
				ENABLE_STRICT_OBJC_MSGSEND = YES;
				GCC_C_LANGUAGE_STANDARD = gnu11;
				GCC_NO_COMMON_BLOCKS = YES;
				GCC_WARN_64_TO_32_BIT_CONVERSION = YES;
				GCC_WARN_ABOUT_RETURN_TYPE = YES_ERROR;
				GCC_WARN_UNDECLARED_SELECTOR = YES;
				GCC_WARN_UNINITIALIZED_AUTOS = YES_AGGRESSIVE;
				GCC_WARN_UNUSED_FUNCTION = YES;
				GCC_WARN_UNUSED_VARIABLE = YES;
				IPHONEOS_DEPLOYMENT_TARGET = 16.4;
				MTL_ENABLE_DEBUG_INFO = NO;
				MTL_FAST_MATH = YES;
				SDKROOT = iphoneos;
				SWIFT_COMPILATION_MODE = wholemodule;
				SWIFT_OPTIMIZATION_LEVEL = "-O";
				VALIDATE_PRODUCT = YES;
			};
			name = Release;
		};
		4D1A9C0F2A726B50007E527A /* Debug */ = {
			isa = XCBuildConfiguration;
			buildSettings = {
				ASSETCATALOG_COMPILER_APPICON_NAME = AppIcon;
				ASSETCATALOG_COMPILER_GLOBAL_ACCENT_COLOR_NAME = AccentColor;
				CODE_SIGN_STYLE = Automatic;
				CURRENT_PROJECT_VERSION = 1;
				DEVELOPMENT_TEAM = 5MJ8XFZB7W;
				GENERATE_INFOPLIST_FILE = YES;
				INFOPLIST_FILE = Tracker/Info.plist;
				INFOPLIST_KEY_UIApplicationSupportsIndirectInputEvents = YES;
				INFOPLIST_KEY_UILaunchStoryboardName = LaunchScreen;
				INFOPLIST_KEY_UIMainStoryboardFile = "";
				INFOPLIST_KEY_UIStatusBarHidden = NO;
				INFOPLIST_KEY_UIStatusBarStyle = UIStatusBarStyleLightContent;
				INFOPLIST_KEY_UISupportedInterfaceOrientations = UIInterfaceOrientationPortrait;
				INFOPLIST_KEY_UISupportedInterfaceOrientations_iPad = "UIInterfaceOrientationLandscapeLeft UIInterfaceOrientationLandscapeRight UIInterfaceOrientationPortrait UIInterfaceOrientationPortraitUpsideDown";
				IPHONEOS_DEPLOYMENT_TARGET = 13.4;
				LD_RUNPATH_SEARCH_PATHS = (
					"$(inherited)",
					"@executable_path/Frameworks",
				);
				MARKETING_VERSION = 1.0;
				PRODUCT_BUNDLE_IDENTIFIER = com.github.davletova.Tracker;
				PRODUCT_NAME = "$(TARGET_NAME)";
				SUPPORTED_PLATFORMS = "iphoneos iphonesimulator";
				SUPPORTS_MACCATALYST = NO;
				SUPPORTS_MAC_DESIGNED_FOR_IPHONE_IPAD = NO;
				SWIFT_EMIT_LOC_STRINGS = YES;
				SWIFT_VERSION = 5.0;
				TARGETED_DEVICE_FAMILY = 1;
			};
			name = Debug;
		};
		4D1A9C102A726B50007E527A /* Release */ = {
			isa = XCBuildConfiguration;
			buildSettings = {
				ASSETCATALOG_COMPILER_APPICON_NAME = AppIcon;
				ASSETCATALOG_COMPILER_GLOBAL_ACCENT_COLOR_NAME = AccentColor;
				CODE_SIGN_STYLE = Automatic;
				CURRENT_PROJECT_VERSION = 1;
				DEVELOPMENT_TEAM = 5MJ8XFZB7W;
				GENERATE_INFOPLIST_FILE = YES;
				INFOPLIST_FILE = Tracker/Info.plist;
				INFOPLIST_KEY_UIApplicationSupportsIndirectInputEvents = YES;
				INFOPLIST_KEY_UILaunchStoryboardName = LaunchScreen;
				INFOPLIST_KEY_UIMainStoryboardFile = "";
				INFOPLIST_KEY_UIStatusBarHidden = NO;
				INFOPLIST_KEY_UIStatusBarStyle = UIStatusBarStyleLightContent;
				INFOPLIST_KEY_UISupportedInterfaceOrientations = UIInterfaceOrientationPortrait;
				INFOPLIST_KEY_UISupportedInterfaceOrientations_iPad = "UIInterfaceOrientationLandscapeLeft UIInterfaceOrientationLandscapeRight UIInterfaceOrientationPortrait UIInterfaceOrientationPortraitUpsideDown";
				IPHONEOS_DEPLOYMENT_TARGET = 13.4;
				LD_RUNPATH_SEARCH_PATHS = (
					"$(inherited)",
					"@executable_path/Frameworks",
				);
				MARKETING_VERSION = 1.0;
				PRODUCT_BUNDLE_IDENTIFIER = com.github.davletova.Tracker;
				PRODUCT_NAME = "$(TARGET_NAME)";
				SUPPORTED_PLATFORMS = "iphoneos iphonesimulator";
				SUPPORTS_MACCATALYST = NO;
				SUPPORTS_MAC_DESIGNED_FOR_IPHONE_IPAD = NO;
				SWIFT_EMIT_LOC_STRINGS = YES;
				SWIFT_VERSION = 5.0;
				TARGETED_DEVICE_FAMILY = 1;
			};
			name = Release;
		};
/* End XCBuildConfiguration section */

/* Begin XCConfigurationList section */
		4D1A9BF52A726B4C007E527A /* Build configuration list for PBXProject "Tracker" */ = {
			isa = XCConfigurationList;
			buildConfigurations = (
				4D1A9C0C2A726B50007E527A /* Debug */,
				4D1A9C0D2A726B50007E527A /* Release */,
			);
			defaultConfigurationIsVisible = 0;
			defaultConfigurationName = Release;
		};
		4D1A9C0E2A726B50007E527A /* Build configuration list for PBXNativeTarget "Tracker" */ = {
			isa = XCConfigurationList;
			buildConfigurations = (
				4D1A9C0F2A726B50007E527A /* Debug */,
				4D1A9C102A726B50007E527A /* Release */,
			);
			defaultConfigurationIsVisible = 0;
			defaultConfigurationName = Release;
		};
/* End XCConfigurationList section */

/* Begin XCVersionGroup section */
		4DDC8E1F2A98B15100F85E5D /* Model.xcdatamodeld */ = {
			isa = XCVersionGroup;
			children = (
				4DDC8E202A98B15100F85E5D /* Model.xcdatamodel */,
			);
			currentVersion = 4DDC8E202A98B15100F85E5D /* Model.xcdatamodel */;
			path = Model.xcdatamodeld;
			sourceTree = "<group>";
			versionGroupType = wrapper.xcdatamodel;
		};
/* End XCVersionGroup section */
	};
	rootObject = 4D1A9BF22A726B4C007E527A /* Project object */;
}
